
Microsoft Visual Studio Solution File, Format Version 12.00
# Visual Studio 2013
VisualStudioVersion = 12.0.21005.1
MinimumVisualStudioVersion = 10.0.40219.1
Project("{FAE04EC0-301F-11D3-BF4B-00C04F79EFBC}") = "MonopolyKata", "MonopolyKata\MonopolyKata.csproj", "{C0B4FFC5-70AF-4C9D-909D-360EABAE538F}"
EndProject
Project("{FAE04EC0-301F-11D3-BF4B-00C04F79EFBC}") = "MonopolyTests", "MonopolyTests\MonopolyTests.csproj", "{67196E07-6CD9-4ED3-89FD-B3021586A58F}"
EndProject
Global
	GlobalSection(SolutionConfigurationPlatforms) = preSolution
		Debug|Any CPU = Debug|Any CPU
		Release|Any CPU = Release|Any CPU
	EndGlobalSection
	GlobalSection(ProjectConfigurationPlatforms) = postSolution
		{C0B4FFC5-70AF-4C9D-909D-360EABAE538F}.Debug|Any CPU.ActiveCfg = Debug|Any CPU
		{C0B4FFC5-70AF-4C9D-909D-360EABAE538F}.Debug|Any CPU.Build.0 = Debug|Any CPU
		{C0B4FFC5-70AF-4C9D-909D-360EABAE538F}.Release|Any CPU.ActiveCfg = Release|Any CPU
		{C0B4FFC5-70AF-4C9D-909D-360EABAE538F}.Release|Any CPU.Build.0 = Release|Any CPU
		{67196E07-6CD9-4ED3-89FD-B3021586A58F}.Debug|Any CPU.ActiveCfg = Debug|Any CPU
		{67196E07-6CD9-4ED3-89FD-B3021586A58F}.Debug|Any CPU.Build.0 = Debug|Any CPU
		{67196E07-6CD9-4ED3-89FD-B3021586A58F}.Release|Any CPU.ActiveCfg = Release|Any CPU
		{67196E07-6CD9-4ED3-89FD-B3021586A58F}.Release|Any CPU.Build.0 = Release|Any CPU
	EndGlobalSection
	GlobalSection(SolutionProperties) = preSolution
		HideSolutionNode = FALSE
	EndGlobalSection
EndGlobal
